// !$*UTF8*$!
{
	archiveVersion = 1;
	classes = {
	};
	objectVersion = 46;
	objects = {

/* Begin PBXBuildFile section */
		123E01B23188D4BFDA99A074 /* libPods-CKCollectionViewDataSourceChangesetBuilder.a in Frameworks */ = {isa = PBXBuildFile; fileRef = DBAE44BF9E1D1C604364728B /* libPods-CKCollectionViewDataSourceChangesetBuilder.a */; };
		4968043E1BC56D260035D4E0 /* CKCollectionViewDataSourceChangesetBuilder.mm in Sources */ = {isa = PBXBuildFile; fileRef = 4968043C1BC56D260035D4E0 /* CKCollectionViewDataSourceChangesetBuilder.mm */; };
		4968044B1BC56DC00035D4E0 /* libCKCollectionViewDataSourceChangesetBuilder.a in Frameworks */ = {isa = PBXBuildFile; fileRef = 4968042F1BC56CFE0035D4E0 /* libCKCollectionViewDataSourceChangesetBuilder.a */; };
		496804521BC56E2F0035D4E0 /* CKTransactionalComponentDataSourceChangesetDSLBuilderTests.m in Sources */ = {isa = PBXBuildFile; fileRef = 496804511BC56E2F0035D4E0 /* CKTransactionalComponentDataSourceChangesetDSLBuilderTests.m */; };
		AD28BF2D0F7DD7284A155812 /* libPods-Tests.a in Frameworks */ = {isa = PBXBuildFile; fileRef = DDC146D6588472F7985C9CE5 /* libPods-Tests.a */; };
/* End PBXBuildFile section */

/* Begin PBXContainerItemProxy section */
		4968044C1BC56DC00035D4E0 /* PBXContainerItemProxy */ = {
			isa = PBXContainerItemProxy;
			containerPortal = 496804271BC56CFE0035D4E0 /* Project object */;
			proxyType = 1;
			remoteGlobalIDString = 4968042E1BC56CFE0035D4E0;
			remoteInfo = CKCollectionViewDataSourceChangesetBuilder;
		};
/* End PBXContainerItemProxy section */

/* Begin PBXCopyFilesBuildPhase section */
		4968042D1BC56CFE0035D4E0 /* CopyFiles */ = {
			isa = PBXCopyFilesBuildPhase;
			buildActionMask = 2147483647;
			dstPath = "include/$(PRODUCT_NAME)";
			dstSubfolderSpec = 16;
			files = (
			);
			runOnlyForDeploymentPostprocessing = 0;
		};
/* End PBXCopyFilesBuildPhase section */

/* Begin PBXFileReference section */
		15AC588391792875143A76B1 /* Pods-Tests.release.xcconfig */ = {isa = PBXFileReference; includeInIndex = 1; lastKnownFileType = text.xcconfig; name = "Pods-Tests.release.xcconfig"; path = "Pods/Target Support Files/Pods-Tests/Pods-Tests.release.xcconfig"; sourceTree = "<group>"; };
		490037651BDC3BC3007AF8F4 /* Podfile */ = {isa = PBXFileReference; explicitFileType = text.script.ruby; path = Podfile; sourceTree = "<group>"; };
		490037661BDC3C09007AF8F4 /* CKCollectionViewDataSourceChangesetBuilder.podspec */ = {isa = PBXFileReference; explicitFileType = text.script.ruby; path = CKCollectionViewDataSourceChangesetBuilder.podspec; sourceTree = "<group>"; };
		4900376A1BDC41E6007AF8F4 /* LICENSE */ = {isa = PBXFileReference; lastKnownFileType = text; path = LICENSE; sourceTree = "<group>"; };
		4900376B1BDC4212007AF8F4 /* README.md */ = {isa = PBXFileReference; fileEncoding = 4; lastKnownFileType = net.daringfireball.markdown; path = README.md; sourceTree = "<group>"; };
		4968042F1BC56CFE0035D4E0 /* libCKCollectionViewDataSourceChangesetBuilder.a */ = {isa = PBXFileReference; explicitFileType = archive.ar; includeInIndex = 0; path = libCKCollectionViewDataSourceChangesetBuilder.a; sourceTree = BUILT_PRODUCTS_DIR; };
		4968043B1BC56D260035D4E0 /* CKCollectionViewDataSourceChangesetBuilder.h */ = {isa = PBXFileReference; fileEncoding = 4; lastKnownFileType = sourcecode.c.h; path = CKCollectionViewDataSourceChangesetBuilder.h; sourceTree = "<group>"; };
		4968043C1BC56D260035D4E0 /* CKCollectionViewDataSourceChangesetBuilder.mm */ = {isa = PBXFileReference; fileEncoding = 4; lastKnownFileType = sourcecode.cpp.objcpp; path = CKCollectionViewDataSourceChangesetBuilder.mm; sourceTree = "<group>"; };
		496804461BC56DC00035D4E0 /* Tests.xctest */ = {isa = PBXFileReference; explicitFileType = wrapper.cfbundle; includeInIndex = 0; path = Tests.xctest; sourceTree = BUILT_PRODUCTS_DIR; };
		4968044A1BC56DC00035D4E0 /* Info.plist */ = {isa = PBXFileReference; lastKnownFileType = text.plist.xml; path = Info.plist; sourceTree = "<group>"; };
		496804511BC56E2F0035D4E0 /* CKTransactionalComponentDataSourceChangesetDSLBuilderTests.m */ = {isa = PBXFileReference; fileEncoding = 4; lastKnownFileType = sourcecode.c.objc; path = CKTransactionalComponentDataSourceChangesetDSLBuilderTests.m; sourceTree = "<group>"; };
		61F521FD72951B4EA8BA04D6 /* Pods-CKCollectionViewDataSourceChangesetBuilder.release.xcconfig */ = {isa = PBXFileReference; includeInIndex = 1; lastKnownFileType = text.xcconfig; name = "Pods-CKCollectionViewDataSourceChangesetBuilder.release.xcconfig"; path = "Pods/Target Support Files/Pods-CKCollectionViewDataSourceChangesetBuilder/Pods-CKCollectionViewDataSourceChangesetBuilder.release.xcconfig"; sourceTree = "<group>"; };
		7DA462B7BE1C7582E8F38A52 /* Pods-CKCollectionViewDataSourceChangesetBuilder.debug.xcconfig */ = {isa = PBXFileReference; includeInIndex = 1; lastKnownFileType = text.xcconfig; name = "Pods-CKCollectionViewDataSourceChangesetBuilder.debug.xcconfig"; path = "Pods/Target Support Files/Pods-CKCollectionViewDataSourceChangesetBuilder/Pods-CKCollectionViewDataSourceChangesetBuilder.debug.xcconfig"; sourceTree = "<group>"; };
		82EC54F253718AC8DBE4A559 /* Pods-Tests.debug.xcconfig */ = {isa = PBXFileReference; includeInIndex = 1; lastKnownFileType = text.xcconfig; name = "Pods-Tests.debug.xcconfig"; path = "Pods/Target Support Files/Pods-Tests/Pods-Tests.debug.xcconfig"; sourceTree = "<group>"; };
		DBAE44BF9E1D1C604364728B /* libPods-CKCollectionViewDataSourceChangesetBuilder.a */ = {isa = PBXFileReference; explicitFileType = archive.ar; includeInIndex = 0; path = "libPods-CKCollectionViewDataSourceChangesetBuilder.a"; sourceTree = BUILT_PRODUCTS_DIR; };
		DDC146D6588472F7985C9CE5 /* libPods-Tests.a */ = {isa = PBXFileReference; explicitFileType = archive.ar; includeInIndex = 0; path = "libPods-Tests.a"; sourceTree = BUILT_PRODUCTS_DIR; };
/* End PBXFileReference section */

/* Begin PBXFrameworksBuildPhase section */
		4968042C1BC56CFE0035D4E0 /* Frameworks */ = {
			isa = PBXFrameworksBuildPhase;
			buildActionMask = 2147483647;
			files = (
				123E01B23188D4BFDA99A074 /* libPods-CKCollectionViewDataSourceChangesetBuilder.a in Frameworks */,
			);
			runOnlyForDeploymentPostprocessing = 0;
		};
		496804431BC56DC00035D4E0 /* Frameworks */ = {
			isa = PBXFrameworksBuildPhase;
			buildActionMask = 2147483647;
			files = (
				4968044B1BC56DC00035D4E0 /* libCKCollectionViewDataSourceChangesetBuilder.a in Frameworks */,
				AD28BF2D0F7DD7284A155812 /* libPods-Tests.a in Frameworks */,
			);
			runOnlyForDeploymentPostprocessing = 0;
		};
/* End PBXFrameworksBuildPhase section */

/* Begin PBXGroup section */
		496804261BC56CFE0035D4E0 = {
			isa = PBXGroup;
			children = (
				496804311BC56CFF0035D4E0 /* Classes */,
				496804471BC56DC00035D4E0 /* Tests */,
				496804301BC56CFE0035D4E0 /* Products */,
				EC13DB69B65DFA6857396178 /* Pods */,
				E3876E1387BCFD63014F514C /* Frameworks */,
				4900376A1BDC41E6007AF8F4 /* LICENSE */,
				4900376B1BDC4212007AF8F4 /* README.md */,
				490037651BDC3BC3007AF8F4 /* Podfile */,
				490037661BDC3C09007AF8F4 /* CKCollectionViewDataSourceChangesetBuilder.podspec */,
			);
			sourceTree = "<group>";
		};
		496804301BC56CFE0035D4E0 /* Products */ = {
			isa = PBXGroup;
			children = (
				4968042F1BC56CFE0035D4E0 /* libCKCollectionViewDataSourceChangesetBuilder.a */,
				496804461BC56DC00035D4E0 /* Tests.xctest */,
			);
			name = Products;
			sourceTree = "<group>";
		};
		496804311BC56CFF0035D4E0 /* Classes */ = {
			isa = PBXGroup;
			children = (
				4968043B1BC56D260035D4E0 /* CKCollectionViewDataSourceChangesetBuilder.h */,
				4968043C1BC56D260035D4E0 /* CKCollectionViewDataSourceChangesetBuilder.mm */,
			);
			name = Classes;
			path = CKCollectionViewDataSourceChangesetBuilder;
			sourceTree = "<group>";
		};
		496804471BC56DC00035D4E0 /* Tests */ = {
			isa = PBXGroup;
			children = (
				496804511BC56E2F0035D4E0 /* CKTransactionalComponentDataSourceChangesetDSLBuilderTests.m */,
				4968044A1BC56DC00035D4E0 /* Info.plist */,
			);
			path = Tests;
			sourceTree = "<group>";
		};
		E3876E1387BCFD63014F514C /* Frameworks */ = {
			isa = PBXGroup;
			children = (
				DBAE44BF9E1D1C604364728B /* libPods-CKCollectionViewDataSourceChangesetBuilder.a */,
				DDC146D6588472F7985C9CE5 /* libPods-Tests.a */,
			);
			name = Frameworks;
			sourceTree = "<group>";
		};
		EC13DB69B65DFA6857396178 /* Pods */ = {
			isa = PBXGroup;
			children = (
				7DA462B7BE1C7582E8F38A52 /* Pods-CKCollectionViewDataSourceChangesetBuilder.debug.xcconfig */,
				61F521FD72951B4EA8BA04D6 /* Pods-CKCollectionViewDataSourceChangesetBuilder.release.xcconfig */,
				82EC54F253718AC8DBE4A559 /* Pods-Tests.debug.xcconfig */,
				15AC588391792875143A76B1 /* Pods-Tests.release.xcconfig */,
			);
			name = Pods;
			sourceTree = "<group>";
		};
/* End PBXGroup section */

/* Begin PBXNativeTarget section */
		4968042E1BC56CFE0035D4E0 /* CKCollectionViewDataSourceChangesetBuilder */ = {
			isa = PBXNativeTarget;
			buildConfigurationList = 496804381BC56CFF0035D4E0 /* Build configuration list for PBXNativeTarget "CKCollectionViewDataSourceChangesetBuilder" */;
			buildPhases = (
				7356532D3120765E13DF0B3F /* Check Pods Manifest.lock */,
				4968042B1BC56CFE0035D4E0 /* Sources */,
				4968042C1BC56CFE0035D4E0 /* Frameworks */,
				4968042D1BC56CFE0035D4E0 /* CopyFiles */,
				ED0CB09149016927F59B9089 /* Copy Pods Resources */,
			);
			buildRules = (
			);
			dependencies = (
			);
			name = CKCollectionViewDataSourceChangesetBuilder;
			productName = CKCollectionViewDataSourceChangesetBuilder;
			productReference = 4968042F1BC56CFE0035D4E0 /* libCKCollectionViewDataSourceChangesetBuilder.a */;
			productType = "com.apple.product-type.library.static";
		};
		496804451BC56DC00035D4E0 /* Tests */ = {
			isa = PBXNativeTarget;
			buildConfigurationList = 4968044E1BC56DC00035D4E0 /* Build configuration list for PBXNativeTarget "Tests" */;
			buildPhases = (
				CBD5F7B2807314BE13F635AF /* Check Pods Manifest.lock */,
				496804421BC56DC00035D4E0 /* Sources */,
				496804431BC56DC00035D4E0 /* Frameworks */,
				496804441BC56DC00035D4E0 /* Resources */,
				E6415CC11D02240FB4235B1C /* Embed Pods Frameworks */,
				DDEC3456A50ECCC2C470111E /* Copy Pods Resources */,
			);
			buildRules = (
			);
			dependencies = (
				4968044D1BC56DC00035D4E0 /* PBXTargetDependency */,
			);
			name = Tests;
			productName = Tests;
			productReference = 496804461BC56DC00035D4E0 /* Tests.xctest */;
			productType = "com.apple.product-type.bundle.unit-test";
		};
/* End PBXNativeTarget section */

/* Begin PBXProject section */
		496804271BC56CFE0035D4E0 /* Project object */ = {
			isa = PBXProject;
			attributes = {
				LastUpgradeCheck = 0700;
				ORGANIZATIONNAME = "Jonathan Crooke";
				TargetAttributes = {
					4968042E1BC56CFE0035D4E0 = {
						CreatedOnToolsVersion = 7.0.1;
					};
					496804451BC56DC00035D4E0 = {
						CreatedOnToolsVersion = 7.0.1;
					};
				};
			};
			buildConfigurationList = 4968042A1BC56CFE0035D4E0 /* Build configuration list for PBXProject "CKCollectionViewDataSourceChangesetBuilder" */;
			compatibilityVersion = "Xcode 3.2";
			developmentRegion = English;
			hasScannedForEncodings = 0;
			knownRegions = (
				en,
			);
			mainGroup = 496804261BC56CFE0035D4E0;
			productRefGroup = 496804301BC56CFE0035D4E0 /* Products */;
			projectDirPath = "";
			projectRoot = "";
			targets = (
				4968042E1BC56CFE0035D4E0 /* CKCollectionViewDataSourceChangesetBuilder */,
				496804451BC56DC00035D4E0 /* Tests */,
			);
		};
/* End PBXProject section */

/* Begin PBXResourcesBuildPhase section */
		496804441BC56DC00035D4E0 /* Resources */ = {
			isa = PBXResourcesBuildPhase;
			buildActionMask = 2147483647;
			files = (
			);
			runOnlyForDeploymentPostprocessing = 0;
		};
/* End PBXResourcesBuildPhase section */

/* Begin PBXShellScriptBuildPhase section */
		7356532D3120765E13DF0B3F /* Check Pods Manifest.lock */ = {
			isa = PBXShellScriptBuildPhase;
			buildActionMask = 2147483647;
			files = (
			);
			inputPaths = (
			);
			name = "Check Pods Manifest.lock";
			outputPaths = (
			);
			runOnlyForDeploymentPostprocessing = 0;
			shellPath = /bin/sh;
			shellScript = "diff \"${PODS_ROOT}/../Podfile.lock\" \"${PODS_ROOT}/Manifest.lock\" > /dev/null\nif [[ $? != 0 ]] ; then\n    cat << EOM\nerror: The sandbox is not in sync with the Podfile.lock. Run 'pod install' or update your CocoaPods installation.\nEOM\n    exit 1\nfi\n";
			showEnvVarsInLog = 0;
		};
		CBD5F7B2807314BE13F635AF /* Check Pods Manifest.lock */ = {
			isa = PBXShellScriptBuildPhase;
			buildActionMask = 2147483647;
			files = (
			);
			inputPaths = (
			);
			name = "Check Pods Manifest.lock";
			outputPaths = (
			);
			runOnlyForDeploymentPostprocessing = 0;
			shellPath = /bin/sh;
			shellScript = "diff \"${PODS_ROOT}/../Podfile.lock\" \"${PODS_ROOT}/Manifest.lock\" > /dev/null\nif [[ $? != 0 ]] ; then\n    cat << EOM\nerror: The sandbox is not in sync with the Podfile.lock. Run 'pod install' or update your CocoaPods installation.\nEOM\n    exit 1\nfi\n";
			showEnvVarsInLog = 0;
		};
		DDEC3456A50ECCC2C470111E /* Copy Pods Resources */ = {
			isa = PBXShellScriptBuildPhase;
			buildActionMask = 2147483647;
			files = (
			);
			inputPaths = (
			);
			name = "Copy Pods Resources";
			outputPaths = (
			);
			runOnlyForDeploymentPostprocessing = 0;
			shellPath = /bin/sh;
			shellScript = "\"${SRCROOT}/Pods/Target Support Files/Pods-Tests/Pods-Tests-resources.sh\"\n";
			showEnvVarsInLog = 0;
		};
		E6415CC11D02240FB4235B1C /* Embed Pods Frameworks */ = {
			isa = PBXShellScriptBuildPhase;
			buildActionMask = 2147483647;
			files = (
			);
			inputPaths = (
			);
			name = "Embed Pods Frameworks";
			outputPaths = (
			);
			runOnlyForDeploymentPostprocessing = 0;
			shellPath = /bin/sh;
			shellScript = "\"${SRCROOT}/Pods/Target Support Files/Pods-Tests/Pods-Tests-frameworks.sh\"\n";
			showEnvVarsInLog = 0;
		};
		ED0CB09149016927F59B9089 /* Copy Pods Resources */ = {
			isa = PBXShellScriptBuildPhase;
			buildActionMask = 2147483647;
			files = (
			);
			inputPaths = (
			);
			name = "Copy Pods Resources";
			outputPaths = (
			);
			runOnlyForDeploymentPostprocessing = 0;
			shellPath = /bin/sh;
			shellScript = "\"${SRCROOT}/Pods/Target Support Files/Pods-CKCollectionViewDataSourceChangesetBuilder/Pods-CKCollectionViewDataSourceChangesetBuilder-resources.sh\"\n";
			showEnvVarsInLog = 0;
		};
/* End PBXShellScriptBuildPhase section */

/* Begin PBXSourcesBuildPhase section */
		4968042B1BC56CFE0035D4E0 /* Sources */ = {
			isa = PBXSourcesBuildPhase;
			buildActionMask = 2147483647;
			files = (
				4968043E1BC56D260035D4E0 /* CKCollectionViewDataSourceChangesetBuilder.mm in Sources */,
			);
			runOnlyForDeploymentPostprocessing = 0;
		};
		496804421BC56DC00035D4E0 /* Sources */ = {
			isa = PBXSourcesBuildPhase;
			buildActionMask = 2147483647;
			files = (
				496804521BC56E2F0035D4E0 /* CKTransactionalComponentDataSourceChangesetDSLBuilderTests.m in Sources */,
			);
			runOnlyForDeploymentPostprocessing = 0;
		};
/* End PBXSourcesBuildPhase section */

/* Begin PBXTargetDependency section */
		4968044D1BC56DC00035D4E0 /* PBXTargetDependency */ = {
			isa = PBXTargetDependency;
			target = 4968042E1BC56CFE0035D4E0 /* CKCollectionViewDataSourceChangesetBuilder */;
			targetProxy = 4968044C1BC56DC00035D4E0 /* PBXContainerItemProxy */;
		};
/* End PBXTargetDependency section */

/* Begin XCBuildConfiguration section */
		496804361BC56CFF0035D4E0 /* Debug */ = {
			isa = XCBuildConfiguration;
			buildSettings = {
				ALWAYS_SEARCH_USER_PATHS = NO;
				CLANG_CXX_LANGUAGE_STANDARD = "gnu++0x";
				CLANG_CXX_LIBRARY = "libc++";
				CLANG_ENABLE_MODULES = YES;
				CLANG_ENABLE_OBJC_ARC = YES;
				CLANG_WARN_BOOL_CONVERSION = YES;
				CLANG_WARN_CONSTANT_CONVERSION = YES;
				CLANG_WARN_DIRECT_OBJC_ISA_USAGE = YES_ERROR;
				CLANG_WARN_EMPTY_BODY = YES;
				CLANG_WARN_ENUM_CONVERSION = YES;
				CLANG_WARN_INT_CONVERSION = YES;
				CLANG_WARN_OBJC_ROOT_CLASS = YES_ERROR;
				CLANG_WARN_UNREACHABLE_CODE = YES;
				CLANG_WARN__DUPLICATE_METHOD_MATCH = YES;
				COPY_PHASE_STRIP = NO;
				DEBUG_INFORMATION_FORMAT = dwarf;
				ENABLE_STRICT_OBJC_MSGSEND = YES;
				ENABLE_TESTABILITY = YES;
				GCC_C_LANGUAGE_STANDARD = gnu99;
				GCC_DYNAMIC_NO_PIC = NO;
				GCC_NO_COMMON_BLOCKS = YES;
				GCC_OPTIMIZATION_LEVEL = 0;
				GCC_PREPROCESSOR_DEFINITIONS = (
					"DEBUG=1",
					"$(inherited)",
				);
				GCC_WARN_64_TO_32_BIT_CONVERSION = YES;
				GCC_WARN_ABOUT_RETURN_TYPE = YES_ERROR;
				GCC_WARN_UNDECLARED_SELECTOR = YES;
				GCC_WARN_UNINITIALIZED_AUTOS = YES_AGGRESSIVE;
				GCC_WARN_UNUSED_FUNCTION = YES;
				GCC_WARN_UNUSED_VARIABLE = YES;
				IPHONEOS_DEPLOYMENT_TARGET = 7.0;
				MTL_ENABLE_DEBUG_INFO = YES;
				ONLY_ACTIVE_ARCH = YES;
				SDKROOT = iphoneos;
			};
			name = Debug;
		};
		496804371BC56CFF0035D4E0 /* Release */ = {
			isa = XCBuildConfiguration;
			buildSettings = {
				ALWAYS_SEARCH_USER_PATHS = NO;
				CLANG_CXX_LANGUAGE_STANDARD = "gnu++0x";
				CLANG_CXX_LIBRARY = "libc++";
				CLANG_ENABLE_MODULES = YES;
				CLANG_ENABLE_OBJC_ARC = YES;
				CLANG_WARN_BOOL_CONVERSION = YES;
				CLANG_WARN_CONSTANT_CONVERSION = YES;
				CLANG_WARN_DIRECT_OBJC_ISA_USAGE = YES_ERROR;
				CLANG_WARN_EMPTY_BODY = YES;
				CLANG_WARN_ENUM_CONVERSION = YES;
				CLANG_WARN_INT_CONVERSION = YES;
				CLANG_WARN_OBJC_ROOT_CLASS = YES_ERROR;
				CLANG_WARN_UNREACHABLE_CODE = YES;
				CLANG_WARN__DUPLICATE_METHOD_MATCH = YES;
				COPY_PHASE_STRIP = NO;
				DEBUG_INFORMATION_FORMAT = "dwarf-with-dsym";
				ENABLE_NS_ASSERTIONS = NO;
				ENABLE_STRICT_OBJC_MSGSEND = YES;
				GCC_C_LANGUAGE_STANDARD = gnu99;
				GCC_NO_COMMON_BLOCKS = YES;
				GCC_WARN_64_TO_32_BIT_CONVERSION = YES;
				GCC_WARN_ABOUT_RETURN_TYPE = YES_ERROR;
				GCC_WARN_UNDECLARED_SELECTOR = YES;
				GCC_WARN_UNINITIALIZED_AUTOS = YES_AGGRESSIVE;
				GCC_WARN_UNUSED_FUNCTION = YES;
				GCC_WARN_UNUSED_VARIABLE = YES;
				IPHONEOS_DEPLOYMENT_TARGET = 7.0;
				MTL_ENABLE_DEBUG_INFO = NO;
				SDKROOT = iphoneos;
				VALIDATE_PRODUCT = YES;
			};
			name = Release;
		};
		496804391BC56CFF0035D4E0 /* Debug */ = {
			isa = XCBuildConfiguration;
			baseConfigurationReference = 7DA462B7BE1C7582E8F38A52 /* Pods-CKCollectionViewDataSourceChangesetBuilder.debug.xcconfig */;
			buildSettings = {
				PRODUCT_NAME = "$(TARGET_NAME)";
				SKIP_INSTALL = YES;
			};
			name = Debug;
		};
		4968043A1BC56CFF0035D4E0 /* Release */ = {
			isa = XCBuildConfiguration;
			baseConfigurationReference = 61F521FD72951B4EA8BA04D6 /* Pods-CKCollectionViewDataSourceChangesetBuilder.release.xcconfig */;
			buildSettings = {
				PRODUCT_NAME = "$(TARGET_NAME)";
				SKIP_INSTALL = YES;
			};
			name = Release;
		};
		4968044F1BC56DC00035D4E0 /* Debug */ = {
			isa = XCBuildConfiguration;
			baseConfigurationReference = 82EC54F253718AC8DBE4A559 /* Pods-Tests.debug.xcconfig */;
			buildSettings = {
				INFOPLIST_FILE = Tests/Info.plist;
				LD_RUNPATH_SEARCH_PATHS = "$(inherited) @executable_path/Frameworks @loader_path/Frameworks";
				PRODUCT_BUNDLE_IDENTIFIER = com.joncrooke.Tests;
				PRODUCT_NAME = "$(TARGET_NAME)";
			};
			name = Debug;
		};
		496804501BC56DC00035D4E0 /* Release */ = {
			isa = XCBuildConfiguration;
			baseConfigurationReference = 15AC588391792875143A76B1 /* Pods-Tests.release.xcconfig */;
			buildSettings = {
				INFOPLIST_FILE = Tests/Info.plist;
				LD_RUNPATH_SEARCH_PATHS = "$(inherited) @executable_path/Frameworks @loader_path/Frameworks";
				PRODUCT_BUNDLE_IDENTIFIER = com.joncrooke.Tests;
				PRODUCT_NAME = "$(TARGET_NAME)";
			};
			name = Release;
		};
/* End XCBuildConfiguration section */

/* Begin XCConfigurationList section */
		4968042A1BC56CFE0035D4E0 /* Build configuration list for PBXProject "CKCollectionViewDataSourceChangesetBuilder" */ = {
			isa = XCConfigurationList;
			buildConfigurations = (
				496804361BC56CFF0035D4E0 /* Debug */,
				496804371BC56CFF0035D4E0 /* Release */,
			);
			defaultConfigurationIsVisible = 0;
			defaultConfigurationName = Release;
		};
		496804381BC56CFF0035D4E0 /* Build configuration list for PBXNativeTarget "CKCollectionViewDataSourceChangesetBuilder" */ = {
			isa = XCConfigurationList;
			buildConfigurations = (
				496804391BC56CFF0035D4E0 /* Debug */,
				4968043A1BC56CFF0035D4E0 /* Release */,
			);
			defaultConfigurationIsVisible = 0;
			defaultConfigurationName = Release;
		};
		4968044E1BC56DC00035D4E0 /* Build configuration list for PBXNativeTarget "Tests" */ = {
			isa = XCConfigurationList;
			buildConfigurations = (
				4968044F1BC56DC00035D4E0 /* Debug */,
				496804501BC56DC00035D4E0 /* Release */,
			);
			defaultConfigurationIsVisible = 0;
			defaultConfigurationName = Release;
		};
/* End XCConfigurationList section */
	};
	rootObject = 496804271BC56CFE0035D4E0 /* Project object */;
}
